
Microsoft Visual Studio Solution File, Format Version 12.00
# Visual Studio Version 17
VisualStudioVersion = 17.13.35828.75 d17.13
MinimumVisualStudioVersion = 10.0.40219.1
Project("{FAE04EC0-301F-11D3-BF4B-00C04F79EFBC}") = "Evaluacion1", "Evaluacion1.csproj", "{7E11414A-6F1F-47C4-A3EF-29F0E9FE5923}"
EndProject
Global
	GlobalSection(SolutionConfigurationPlatforms) = preSolution
		Debug|Any CPU = Debug|Any CPU
		Release|Any CPU = Release|Any CPU
	EndGlobalSection
	GlobalSection(ProjectConfigurationPlatforms) = postSolution
		{7E11414A-6F1F-47C4-A3EF-29F0E9FE5923}.Debug|Any CPU.ActiveCfg = Debug|Any CPU
		{7E11414A-6F1F-47C4-A3EF-29F0E9FE5923}.Debug|Any CPU.Build.0 = Debug|Any CPU
		{7E11414A-6F1F-47C4-A3EF-29F0E9FE5923}.Release|Any CPU.ActiveCfg = Release|Any CPU
		{7E11414A-6F1F-47C4-A3EF-29F0E9FE5923}.Release|Any CPU.Build.0 = Release|Any CPU
	EndGlobalSection
	GlobalSection(SolutionProperties) = preSolution
		HideSolutionNode = FALSE
	EndGlobalSection
	GlobalSection(ExtensibilityGlobals) = postSolution
		SolutionGuid = {C15BA956-E41B-40F8-816D-76D3B8BBE05A}
	EndGlobalSection
EndGlobal
